
Microsoft Visual Studio Solution File, Format Version 12.00
# Visual Studio 15
VisualStudioVersion = 15.0.27703.2035
MinimumVisualStudioVersion = 10.0.40219.1
Project("{FAE04EC0-301F-11D3-BF4B-00C04F79EFBC}") = "TeamPowered", "TeamPowered\TeamPowered.csproj", "{8C9705D4-C242-468C-9772-86814135921A}"
EndProject
Global
	GlobalSection(SolutionConfigurationPlatforms) = preSolution
		Debug|Any CPU = Debug|Any CPU
		Release|Any CPU = Release|Any CPU
	EndGlobalSection
	GlobalSection(ProjectConfigurationPlatforms) = postSolution
		{8C9705D4-C242-468C-9772-86814135921A}.Debug|Any CPU.ActiveCfg = Debug|Any CPU
		{8C9705D4-C242-468C-9772-86814135921A}.Debug|Any CPU.Build.0 = Debug|Any CPU
		{8C9705D4-C242-468C-9772-86814135921A}.Release|Any CPU.ActiveCfg = Release|Any CPU
		{8C9705D4-C242-468C-9772-86814135921A}.Release|Any CPU.Build.0 = Release|Any CPU
	EndGlobalSection
	GlobalSection(SolutionProperties) = preSolution
		HideSolutionNode = FALSE
	EndGlobalSection
	GlobalSection(ExtensibilityGlobals) = postSolution
		SolutionGuid = {80CFD941-1247-4BB2-9E8B-AFA774F4C659}
	EndGlobalSection
EndGlobal
